
Microsoft Visual Studio Solution File, Format Version 12.00
# Visual Studio Version 17
VisualStudioVersion = 17.7.34018.315
MinimumVisualStudioVersion = 10.0.40219.1
Project("{FAE04EC0-301F-11D3-BF4B-00C04F79EFBC}") = "TeamProject", "TeamProject\TeamProject.csproj", "{B74E46FA-21E1-4792-8CC6-A78784D0395B}"
EndProject
Project("{FAE04EC0-301F-11D3-BF4B-00C04F79EFBC}") = "BaseForm", "BaseForm\BaseForm.csproj", "{63B37713-8223-48D1-B11E-1B448E64D118}"
EndProject
Global
	GlobalSection(SolutionConfigurationPlatforms) = preSolution
		Debug|Any CPU = Debug|Any CPU
		Release|Any CPU = Release|Any CPU
	EndGlobalSection
	GlobalSection(ProjectConfigurationPlatforms) = postSolution
		{B74E46FA-21E1-4792-8CC6-A78784D0395B}.Debug|Any CPU.ActiveCfg = Debug|Any CPU
		{B74E46FA-21E1-4792-8CC6-A78784D0395B}.Debug|Any CPU.Build.0 = Debug|Any CPU
		{B74E46FA-21E1-4792-8CC6-A78784D0395B}.Release|Any CPU.ActiveCfg = Release|Any CPU
		{B74E46FA-21E1-4792-8CC6-A78784D0395B}.Release|Any CPU.Build.0 = Release|Any CPU
		{63B37713-8223-48D1-B11E-1B448E64D118}.Debug|Any CPU.ActiveCfg = Debug|Any CPU
		{63B37713-8223-48D1-B11E-1B448E64D118}.Debug|Any CPU.Build.0 = Debug|Any CPU
		{63B37713-8223-48D1-B11E-1B448E64D118}.Release|Any CPU.ActiveCfg = Release|Any CPU
		{63B37713-8223-48D1-B11E-1B448E64D118}.Release|Any CPU.Build.0 = Release|Any CPU
	EndGlobalSection
	GlobalSection(SolutionProperties) = preSolution
		HideSolutionNode = FALSE
	EndGlobalSection
	GlobalSection(ExtensibilityGlobals) = postSolution
		SolutionGuid = {96052F03-B2C4-4501-9422-96C76E4F1184}
	EndGlobalSection
EndGlobal
